
Microsoft Visual Studio Solution File, Format Version 12.00
# Visual Studio 15
VisualStudioVersion = 15.0.26430.4
MinimumVisualStudioVersion = 10.0.40219.1
Project("{F184B08F-C81C-45F6-A57F-5ABD9991F28F}") = "LogicSim Forms v1", "LogicSim Forms v1\LogicSim Forms v1.vbproj", "{16CBD51B-64DB-4756-AE46-BB91C432CFCD}"
EndProject
Global
	GlobalSection(SolutionConfigurationPlatforms) = preSolution
		Debug|Any CPU = Debug|Any CPU
		Release|Any CPU = Release|Any CPU
	EndGlobalSection
	GlobalSection(ProjectConfigurationPlatforms) = postSolution
		{16CBD51B-64DB-4756-AE46-BB91C432CFCD}.Debug|Any CPU.ActiveCfg = Debug|Any CPU
		{16CBD51B-64DB-4756-AE46-BB91C432CFCD}.Debug|Any CPU.Build.0 = Debug|Any CPU
		{16CBD51B-64DB-4756-AE46-BB91C432CFCD}.Release|Any CPU.ActiveCfg = Release|Any CPU
		{16CBD51B-64DB-4756-AE46-BB91C432CFCD}.Release|Any CPU.Build.0 = Release|Any CPU
	EndGlobalSection
	GlobalSection(SolutionProperties) = preSolution
		HideSolutionNode = FALSE
	EndGlobalSection
EndGlobal
